
Microsoft Visual Studio Solution File, Format Version 12.00
# Visual Studio Version 17
VisualStudioVersion = 17.1.32210.238
MinimumVisualStudioVersion = 10.0.40219.1
Project("{9A19103F-16F7-4668-BE54-9A1E7A4F7556}") = "RestClient", "RestClient\RestClient.csproj", "{C72E4A94-0CFD-4FB6-BC8C-D8EFB041D4BC}"
EndProject
Project("{9A19103F-16F7-4668-BE54-9A1E7A4F7556}") = "TestClient", "TestClient\TestClient.csproj", "{F6904A7D-4DF3-407A-8E36-59E8EC65CBEF}"
EndProject
Project("{9A19103F-16F7-4668-BE54-9A1E7A4F7556}") = "TestApi", "TestApi\TestApi.csproj", "{1D3A506B-1A15-432C-ABDE-A730F4DAB0FE}"
EndProject
Project("{9A19103F-16F7-4668-BE54-9A1E7A4F7556}") = "RestClient.Test", "RestClient.Test\RestClient.Test.csproj", "{FFA56866-E560-419E-A145-32388727EA99}"
EndProject
Global
	GlobalSection(SolutionConfigurationPlatforms) = preSolution
		Debug|Any CPU = Debug|Any CPU
		Release|Any CPU = Release|Any CPU
	EndGlobalSection
	GlobalSection(ProjectConfigurationPlatforms) = postSolution
		{C72E4A94-0CFD-4FB6-BC8C-D8EFB041D4BC}.Debug|Any CPU.ActiveCfg = Debug|Any CPU
		{C72E4A94-0CFD-4FB6-BC8C-D8EFB041D4BC}.Debug|Any CPU.Build.0 = Debug|Any CPU
		{C72E4A94-0CFD-4FB6-BC8C-D8EFB041D4BC}.Release|Any CPU.ActiveCfg = Release|Any CPU
		{C72E4A94-0CFD-4FB6-BC8C-D8EFB041D4BC}.Release|Any CPU.Build.0 = Release|Any CPU
		{F6904A7D-4DF3-407A-8E36-59E8EC65CBEF}.Debug|Any CPU.ActiveCfg = Debug|Any CPU
		{F6904A7D-4DF3-407A-8E36-59E8EC65CBEF}.Debug|Any CPU.Build.0 = Debug|Any CPU
		{F6904A7D-4DF3-407A-8E36-59E8EC65CBEF}.Release|Any CPU.ActiveCfg = Release|Any CPU
		{F6904A7D-4DF3-407A-8E36-59E8EC65CBEF}.Release|Any CPU.Build.0 = Release|Any CPU
		{1D3A506B-1A15-432C-ABDE-A730F4DAB0FE}.Debug|Any CPU.ActiveCfg = Debug|Any CPU
		{1D3A506B-1A15-432C-ABDE-A730F4DAB0FE}.Debug|Any CPU.Build.0 = Debug|Any CPU
		{1D3A506B-1A15-432C-ABDE-A730F4DAB0FE}.Release|Any CPU.ActiveCfg = Release|Any CPU
		{1D3A506B-1A15-432C-ABDE-A730F4DAB0FE}.Release|Any CPU.Build.0 = Release|Any CPU
		{FFA56866-E560-419E-A145-32388727EA99}.Debug|Any CPU.ActiveCfg = Debug|Any CPU
		{FFA56866-E560-419E-A145-32388727EA99}.Debug|Any CPU.Build.0 = Debug|Any CPU
		{FFA56866-E560-419E-A145-32388727EA99}.Release|Any CPU.ActiveCfg = Release|Any CPU
		{FFA56866-E560-419E-A145-32388727EA99}.Release|Any CPU.Build.0 = Release|Any CPU
	EndGlobalSection
	GlobalSection(SolutionProperties) = preSolution
		HideSolutionNode = FALSE
	EndGlobalSection
	GlobalSection(ExtensibilityGlobals) = postSolution
		SolutionGuid = {7D933BF8-6D97-4936-9940-3439C4232F57}
	EndGlobalSection
EndGlobal
